// !$*UTF8*$!
{
	archiveVersion = 1;
	classes = {
	};
	objectVersion = 52;
	objects = {

/* Begin PBXBuildFile section */
		649DD0A870A9E47724CD0CFB /* Preview Assets.xcassets in Resources */ = {isa = PBXBuildFile; fileRef = 649DDA8513D9A0E38376A885 /* Preview Assets.xcassets */; };
		649DD194B8BA19194B5B728C /* Assets.xcassets in Resources */ = {isa = PBXBuildFile; fileRef = 649DD69648C84CB659C3AE43 /* Assets.xcassets */; };
		649DDD82605A09DDEA796C31 /* Unsplash_SwiftUIApp.swift in Sources */ = {isa = PBXBuildFile; fileRef = 649DD9E426C802DCB624A67C /* Unsplash_SwiftUIApp.swift */; };
		649DDE1040ED97D783CF9725 /* ContentView.swift in Sources */ = {isa = PBXBuildFile; fileRef = 649DDFFFBF77FA33643092EA /* ContentView.swift */; };
		F6E562A325169A8300DA348E /* UnsplashStore.swift in Sources */ = {isa = PBXBuildFile; fileRef = F6E562A225169A8300DA348E /* UnsplashStore.swift */; };
		F6E562A7251873A900DA348E /* SDWebImageSwiftUI in Frameworks */ = {isa = PBXBuildFile; productRef = F6E562A6251873A900DA348E /* SDWebImageSwiftUI */; };
/* End PBXBuildFile section */

/* Begin PBXFileReference section */
		649DD2E4BF35D1D40C3164B0 /* Info.plist */ = {isa = PBXFileReference; lastKnownFileType = text.plist.info; path = Info.plist; sourceTree = "<group>"; };
		649DD3AE6B5DA7E6B4150FBB /* Unsplash-SwiftUI.app */ = {isa = PBXFileReference; explicitFileType = wrapper.application; includeInIndex = 0; path = "Unsplash-SwiftUI.app"; sourceTree = BUILT_PRODUCTS_DIR; };
		649DD69648C84CB659C3AE43 /* Assets.xcassets */ = {isa = PBXFileReference; lastKnownFileType = folder.assetcatalog; path = Assets.xcassets; sourceTree = "<group>"; };
		649DD9E426C802DCB624A67C /* Unsplash_SwiftUIApp.swift */ = {isa = PBXFileReference; lastKnownFileType = sourcecode.swift; path = Unsplash_SwiftUIApp.swift; sourceTree = "<group>"; };
		649DDA8513D9A0E38376A885 /* Preview Assets.xcassets */ = {isa = PBXFileReference; lastKnownFileType = folder.assetcatalog; path = "Preview Assets.xcassets"; sourceTree = "<group>"; };
		649DDFFFBF77FA33643092EA /* ContentView.swift */ = {isa = PBXFileReference; lastKnownFileType = sourcecode.swift; path = ContentView.swift; sourceTree = "<group>"; };
		F6E562A225169A8300DA348E /* UnsplashStore.swift */ = {isa = PBXFileReference; lastKnownFileType = sourcecode.swift; path = UnsplashStore.swift; sourceTree = "<group>"; };
/* End PBXFileReference section */

/* Begin PBXFrameworksBuildPhase section */
		649DDE38631CC16401B4A2F6 /* Frameworks */ = {
			isa = PBXFrameworksBuildPhase;
			buildActionMask = 2147483647;
			files = (
				F6E562A7251873A900DA348E /* SDWebImageSwiftUI in Frameworks */,
			);
			runOnlyForDeploymentPostprocessing = 0;
		};
/* End PBXFrameworksBuildPhase section */

/* Begin PBXGroup section */
		649DD150D623135A80F8BF1A /* Unsplash-SwiftUI */ = {
			isa = PBXGroup;
			children = (
				649DD2E4BF35D1D40C3164B0 /* Info.plist */,
				649DD69648C84CB659C3AE43 /* Assets.xcassets */,
				649DD76616D3BA396823C2E7 /* Preview Content */,
				649DD9E426C802DCB624A67C /* Unsplash_SwiftUIApp.swift */,
				649DDFFFBF77FA33643092EA /* ContentView.swift */,
				F6E562A225169A8300DA348E /* UnsplashStore.swift */,
			);
			path = "Unsplash-SwiftUI";
			sourceTree = "<group>";
		};
		649DD208A1861C709225AB7C = {
			isa = PBXGroup;
			children = (
				649DD20F812454E111D03D12 /* Products */,
				649DD150D623135A80F8BF1A /* Unsplash-SwiftUI */,
			);
			sourceTree = "<group>";
		};
		649DD20F812454E111D03D12 /* Products */ = {
			isa = PBXGroup;
			children = (
				649DD3AE6B5DA7E6B4150FBB /* Unsplash-SwiftUI.app */,
			);
			name = Products;
			sourceTree = "<group>";
		};
		649DD76616D3BA396823C2E7 /* Preview Content */ = {
			isa = PBXGroup;
			children = (
				649DDA8513D9A0E38376A885 /* Preview Assets.xcassets */,
			);
			path = "Preview Content";
			sourceTree = "<group>";
		};
/* End PBXGroup section */

/* Begin PBXNativeTarget section */
		649DD45CE56B932FC4E126B6 /* Unsplash-SwiftUI */ = {
			isa = PBXNativeTarget;
			buildConfigurationList = 649DD6C48205613289D60165 /* Build configuration list for PBXNativeTarget "Unsplash-SwiftUI" */;
			buildPhases = (
				649DDA0ED99EC4A5ACB04C7C /* Sources */,
				649DDE38631CC16401B4A2F6 /* Frameworks */,
				649DD460EC645EC102E472F9 /* Resources */,
			);
			buildRules = (
			);
			dependencies = (
			);
			name = "Unsplash-SwiftUI";
			packageProductDependencies = (
				F6E562A6251873A900DA348E /* SDWebImageSwiftUI */,
			);
			productName = "Unsplash-SwiftUI";
			productReference = 649DD3AE6B5DA7E6B4150FBB /* Unsplash-SwiftUI.app */;
			productType = "com.apple.product-type.application";
		};
/* End PBXNativeTarget section */

/* Begin PBXProject section */
		649DD34A897DC88C92CF6341 /* Project object */ = {
			isa = PBXProject;
			attributes = {
			};
			buildConfigurationList = 649DDCF0F93D6FB63BB230B5 /* Build configuration list for PBXProject "Unsplash-SwiftUI" */;
			compatibilityVersion = "Xcode 3.2";
			developmentRegion = English;
			hasScannedForEncodings = 0;
			knownRegions = (
				English,
				en,
			);
			mainGroup = 649DD208A1861C709225AB7C;
			packageReferences = (
				F6E562A5251873A900DA348E /* XCRemoteSwiftPackageReference "SDWebImageSwiftUI" */,
			);
			productRefGroup = 649DD20F812454E111D03D12 /* Products */;
			projectDirPath = "";
			projectRoot = "";
			targets = (
				649DD45CE56B932FC4E126B6 /* Unsplash-SwiftUI */,
			);
		};
/* End PBXProject section */

/* Begin PBXResourcesBuildPhase section */
		649DD460EC645EC102E472F9 /* Resources */ = {
			isa = PBXResourcesBuildPhase;
			buildActionMask = 2147483647;
			files = (
				649DD194B8BA19194B5B728C /* Assets.xcassets in Resources */,
				649DD0A870A9E47724CD0CFB /* Preview Assets.xcassets in Resources */,
			);
			runOnlyForDeploymentPostprocessing = 0;
		};
/* End PBXResourcesBuildPhase section */

/* Begin PBXSourcesBuildPhase section */
		649DDA0ED99EC4A5ACB04C7C /* Sources */ = {
			isa = PBXSourcesBuildPhase;
			buildActionMask = 2147483647;
			files = (
				649DDD82605A09DDEA796C31 /* Unsplash_SwiftUIApp.swift in Sources */,
				F6E562A325169A8300DA348E /* UnsplashStore.swift in Sources */,
				649DDE1040ED97D783CF9725 /* ContentView.swift in Sources */,
			);
			runOnlyForDeploymentPostprocessing = 0;
		};
/* End PBXSourcesBuildPhase section */

/* Begin XCBuildConfiguration section */
		649DD1A0741FAFA074705B9F /* Release */ = {
			isa = XCBuildConfiguration;
			buildSettings = {
				ALWAYS_SEARCH_USER_PATHS = NO;
				CLANG_ANALYZER_NONNULL = YES;
				CLANG_ANALYZER_NUMBER_OBJECT_CONVERSION = YES_AGGRESSIVE;
				CLANG_CXX_LANGUAGE_STANDARD = "gnu++14";
				CLANG_CXX_LIBRARY = "libc++";
				CLANG_ENABLE_MODULES = YES;
				CLANG_ENABLE_OBJC_ARC = YES;
				CLANG_ENABLE_OBJC_WEAK = YES;
				CLANG_WARN_BLOCK_CAPTURE_AUTORELEASING = YES;
				CLANG_WARN_BOOL_CONVERSION = YES;
				CLANG_WARN_COMMA = YES;
				CLANG_WARN_CONSTANT_CONVERSION = YES;
				CLANG_WARN_DEPRECATED_OBJC_IMPLEMENTATIONS = YES;
				CLANG_WARN_DIRECT_OBJC_ISA_USAGE = YES_ERROR;
				CLANG_WARN_DOCUMENTATION_COMMENTS = YES;
				CLANG_WARN_EMPTY_BODY = YES;
				CLANG_WARN_ENUM_CONVERSION = YES;
				CLANG_WARN_INFINITE_RECURSION = YES;
				CLANG_WARN_INT_CONVERSION = YES;
				CLANG_WARN_NON_LITERAL_NULL_CONVERSION = YES;
				CLANG_WARN_OBJC_IMPLICIT_RETAIN_SELF = YES;
				CLANG_WARN_OBJC_LITERAL_CONVERSION = YES;
				CLANG_WARN_OBJC_ROOT_CLASS = YES_ERROR;
				CLANG_WARN_QUOTED_INCLUDE_IN_FRAMEWORK_HEADER = YES;
				CLANG_WARN_RANGE_LOOP_ANALYSIS = YES;
				CLANG_WARN_STRICT_PROTOTYPES = YES;
				CLANG_WARN_SUSPICIOUS_MOVE = YES;
				CLANG_WARN_UNGUARDED_AVAILABILITY = YES_AGGRESSIVE;
				CLANG_WARN_UNREACHABLE_CODE = YES;
				CLANG_WARN__DUPLICATE_METHOD_MATCH = YES;
				COPY_PHASE_STRIP = NO;
				DEBUG_INFORMATION_FORMAT = "dwarf-with-dsym";
				ENABLE_NS_ASSERTIONS = NO;
				ENABLE_STRICT_OBJC_MSGSEND = YES;
				GCC_C_LANGUAGE_STANDARD = gnu11;
				GCC_NO_COMMON_BLOCKS = YES;
				GCC_WARN_64_TO_32_BIT_CONVERSION = YES;
				GCC_WARN_ABOUT_RETURN_TYPE = YES_ERROR;
				GCC_WARN_UNDECLARED_SELECTOR = YES;
				GCC_WARN_UNINITIALIZED_AUTOS = YES_AGGRESSIVE;
				GCC_WARN_UNUSED_FUNCTION = YES;
				GCC_WARN_UNUSED_VARIABLE = YES;
				IPHONEOS_DEPLOYMENT_TARGET = 14.0;
				MTL_ENABLE_DEBUG_INFO = NO;
				MTL_FAST_MATH = YES;
				SDKROOT = iphoneos;
				SWIFT_COMPILATION_MODE = wholemodule;
				SWIFT_OPTIMIZATION_LEVEL = "-O";
				VALIDATE_PRODUCT = YES;
			};
			name = Release;
		};
		649DD45C1FE7661928274F90 /* Release */ = {
			isa = XCBuildConfiguration;
			buildSettings = {
				ASSETCATALOG_COMPILER_APPICON_NAME = AppIcon;
				ASSETCATALOG_COMPILER_GLOBAL_ACCENT_COLOR_NAME = AccentColor;
				DEVELOPMENT_ASSET_PATHS = "\"Unsplash-SwiftUI/Preview Content\"";
				ENABLE_PREVIEWS = YES;
				INFOPLIST_FILE = "Unsplash-SwiftUI/Info.plist";
				IPHONEOS_DEPLOYMENT_TARGET = 14.0;
				LD_RUNPATH_SEARCH_PATHS = (
					"$(inherited)",
					"@executable_path/Frameworks",
				);
				PRODUCT_BUNDLE_IDENTIFIER = "dev.safarslife.Unsplash-SwiftUI";
				PRODUCT_NAME = "$(TARGET_NAME)";
				SWIFT_VERSION = 5.0;
				TARGETED_DEVICE_FAMILY = "1,2";
			};
			name = Release;
		};
		649DD68BC9DE42C365F01DDD /* Debug */ = {
			isa = XCBuildConfiguration;
			buildSettings = {
				ALWAYS_SEARCH_USER_PATHS = NO;
				CLANG_ANALYZER_NONNULL = YES;
				CLANG_ANALYZER_NUMBER_OBJECT_CONVERSION = YES_AGGRESSIVE;
				CLANG_CXX_LANGUAGE_STANDARD = "gnu++14";
				CLANG_CXX_LIBRARY = "libc++";
				CLANG_ENABLE_MODULES = YES;
				CLANG_ENABLE_OBJC_ARC = YES;
				CLANG_ENABLE_OBJC_WEAK = YES;
				CLANG_WARN_BLOCK_CAPTURE_AUTORELEASING = YES;
				CLANG_WARN_BOOL_CONVERSION = YES;
				CLANG_WARN_COMMA = YES;
				CLANG_WARN_CONSTANT_CONVERSION = YES;
				CLANG_WARN_DEPRECATED_OBJC_IMPLEMENTATIONS = YES;
				CLANG_WARN_DIRECT_OBJC_ISA_USAGE = YES_ERROR;
				CLANG_WARN_DOCUMENTATION_COMMENTS = YES;
				CLANG_WARN_EMPTY_BODY = YES;
				CLANG_WARN_ENUM_CONVERSION = YES;
				CLANG_WARN_INFINITE_RECURSION = YES;
				CLANG_WARN_INT_CONVERSION = YES;
				CLANG_WARN_NON_LITERAL_NULL_CONVERSION = YES;
				CLANG_WARN_OBJC_IMPLICIT_RETAIN_SELF = YES;
				CLANG_WARN_OBJC_LITERAL_CONVERSION = YES;
				CLANG_WARN_OBJC_ROOT_CLASS = YES_ERROR;
				CLANG_WARN_QUOTED_INCLUDE_IN_FRAMEWORK_HEADER = YES;
				CLANG_WARN_RANGE_LOOP_ANALYSIS = YES;
				CLANG_WARN_STRICT_PROTOTYPES = YES;
				CLANG_WARN_SUSPICIOUS_MOVE = YES;
				CLANG_WARN_UNGUARDED_AVAILABILITY = YES_AGGRESSIVE;
				CLANG_WARN_UNREACHABLE_CODE = YES;
				CLANG_WARN__DUPLICATE_METHOD_MATCH = YES;
				COPY_PHASE_STRIP = NO;
				DEBUG_INFORMATION_FORMAT = dwarf;
				ENABLE_STRICT_OBJC_MSGSEND = YES;
				ENABLE_TESTABILITY = YES;
				GCC_C_LANGUAGE_STANDARD = gnu11;
				GCC_DYNAMIC_NO_PIC = NO;
				GCC_NO_COMMON_BLOCKS = YES;
				GCC_OPTIMIZATION_LEVEL = 0;
				GCC_PREPROCESSOR_DEFINITIONS = (
					"DEBUG=1",
					"$(inherited)",
				);
				GCC_WARN_64_TO_32_BIT_CONVERSION = YES;
				GCC_WARN_ABOUT_RETURN_TYPE = YES_ERROR;
				GCC_WARN_UNDECLARED_SELECTOR = YES;
				GCC_WARN_UNINITIALIZED_AUTOS = YES_AGGRESSIVE;
				GCC_WARN_UNUSED_FUNCTION = YES;
				GCC_WARN_UNUSED_VARIABLE = YES;
				IPHONEOS_DEPLOYMENT_TARGET = 14.0;
				MTL_ENABLE_DEBUG_INFO = INCLUDE_SOURCE;
				MTL_FAST_MATH = YES;
				ONLY_ACTIVE_ARCH = YES;
				SDKROOT = iphoneos;
				SWIFT_ACTIVE_COMPILATION_CONDITIONS = DEBUG;
				SWIFT_OPTIMIZATION_LEVEL = "-Onone";
			};
			name = Debug;
		};
		649DD9219D6A5DA627251502 /* Debug */ = {
			isa = XCBuildConfiguration;
			buildSettings = {
				ASSETCATALOG_COMPILER_APPICON_NAME = AppIcon;
				ASSETCATALOG_COMPILER_GLOBAL_ACCENT_COLOR_NAME = AccentColor;
				DEVELOPMENT_ASSET_PATHS = "\"Unsplash-SwiftUI/Preview Content\"";
				ENABLE_PREVIEWS = YES;
				INFOPLIST_FILE = "Unsplash-SwiftUI/Info.plist";
				IPHONEOS_DEPLOYMENT_TARGET = 14.0;
				LD_RUNPATH_SEARCH_PATHS = (
					"$(inherited)",
					"@executable_path/Frameworks",
				);
				PRODUCT_BUNDLE_IDENTIFIER = "dev.safarslife.Unsplash-SwiftUI";
				PRODUCT_NAME = "$(TARGET_NAME)";
				SWIFT_VERSION = 5.0;
				TARGETED_DEVICE_FAMILY = "1,2";
			};
			name = Debug;
		};
/* End XCBuildConfiguration section */

/* Begin XCConfigurationList section */
		649DD6C48205613289D60165 /* Build configuration list for PBXNativeTarget "Unsplash-SwiftUI" */ = {
			isa = XCConfigurationList;
			buildConfigurations = (
				649DD9219D6A5DA627251502 /* Debug */,
				649DD45C1FE7661928274F90 /* Release */,
			);
			defaultConfigurationIsVisible = 0;
			defaultConfigurationName = Release;
		};
		649DDCF0F93D6FB63BB230B5 /* Build configuration list for PBXProject "Unsplash-SwiftUI" */ = {
			isa = XCConfigurationList;
			buildConfigurations = (
				649DD68BC9DE42C365F01DDD /* Debug */,
				649DD1A0741FAFA074705B9F /* Release */,
			);
			defaultConfigurationIsVisible = 0;
			defaultConfigurationName = Release;
		};
/* End XCConfigurationList section */

/* Begin XCRemoteSwiftPackageReference section */
		F6E562A5251873A900DA348E /* XCRemoteSwiftPackageReference "SDWebImageSwiftUI" */ = {
			isa = XCRemoteSwiftPackageReference;
			repositoryURL = "https://github.com/SDWebImage/SDWebImageSwiftUI.git";
			requirement = {
				kind = upToNextMajorVersion;
				minimumVersion = 1.5.0;
			};
		};
/* End XCRemoteSwiftPackageReference section */

/* Begin XCSwiftPackageProductDependency section */
		F6E562A6251873A900DA348E /* SDWebImageSwiftUI */ = {
			isa = XCSwiftPackageProductDependency;
			package = F6E562A5251873A900DA348E /* XCRemoteSwiftPackageReference "SDWebImageSwiftUI" */;
			productName = SDWebImageSwiftUI;
		};
/* End XCSwiftPackageProductDependency section */
	};
	rootObject = 649DD34A897DC88C92CF6341 /* Project object */;
}
