<?xml version="1.0" encoding="UTF-8"?>
<Scheme
   version = "1.3">
   <BuildAction>
      <BuildActionEntries>
         <BuildActionEntry
            buildForRunning = "YES">
            <BuildableReference
               BuildableIdentifier = "primary"
               BlueprintIdentifier = "F6236A6B251CBA6A0039D8EF"
               BuildableName = "Unsplash-SwftUi.app"
               BlueprintName = "Unsplash-SwftUi"
               ReferencedContainer = "container:Unsplash-SwftUi.xcodeproj">
            </BuildableReference>
         </BuildActionEntry>
      </BuildActionEntries>
   </BuildAction>
   <LaunchAction
      useCustomWorkingDirectory = "NO"
      buildConfiguration = "Debug"
      allowLocationSimulation = "YES">
      <BuildableProductRunnable>
         <BuildableReference
            BuildableIdentifier = "primary"
            BlueprintIdentifier = "F6236A6B251CBA6A0039D8EF"
            BuildableName = "Unsplash-SwftUi.app"
            BlueprintName = "Unsplash-SwftUi"
            ReferencedContainer = "container:Unsplash-SwftUi.xcodeproj">
         </BuildableReference>
      </BuildableProductRunnable>
   </LaunchAction>
</Scheme>
